
Microsoft Visual Studio Solution File, Format Version 12.00
# Visual Studio Version 16
VisualStudioVersion = 16.0.29306.81
MinimumVisualStudioVersion = 10.0.40219.1
Project("{9A19103F-16F7-4668-BE54-9A1E7A4F7556}") = "CircleArea", "CircleArea\CircleArea.csproj", "{9362F8ED-1EB6-44A2-B92C-AABF29ACA815}"
EndProject
Project("{FAE04EC0-301F-11D3-BF4B-00C04F79EFBC}") = "AverageNumber", "AverageNumber\AverageNumber.csproj", "{E50DE756-ABBB-48AB-B5DE-863CC14D695F}"
EndProject
Project("{FAE04EC0-301F-11D3-BF4B-00C04F79EFBC}") = "PiggyBank", "PiggyBank\PiggyBank.csproj", "{425B7CC4-3E98-456B-9E22-39C103D2BF88}"
EndProject
Project("{FAE04EC0-301F-11D3-BF4B-00C04F79EFBC}") = "Calculator", "Calculator\Calculator.csproj", "{6EE20A6F-E24A-4E6A-9F2F-F20D167A6DEC}"
EndProject
Project("{FAE04EC0-301F-11D3-BF4B-00C04F79EFBC}") = "RainingStations", "RainingStations\RainingStations.csproj", "{694DCB73-3BFB-4627-9748-C690232EF797}"
EndProject
Project("{FAE04EC0-301F-11D3-BF4B-00C04F79EFBC}") = "SimpleArray", "SimpleArray\SimpleArray.csproj", "{8F61CB4E-9376-40CC-85D5-8697406F023D}"
EndProject
Project("{FAE04EC0-301F-11D3-BF4B-00C04F79EFBC}") = "JupiterPancakes", "JupiterPancakes\JupiterPancakes.csproj", "{4D68C7A4-E737-42F3-8D0A-95C0968DB068}"
EndProject
Global
	GlobalSection(SolutionConfigurationPlatforms) = preSolution
		Debug|Any CPU = Debug|Any CPU
		Release|Any CPU = Release|Any CPU
	EndGlobalSection
	GlobalSection(ProjectConfigurationPlatforms) = postSolution
		{9362F8ED-1EB6-44A2-B92C-AABF29ACA815}.Debug|Any CPU.ActiveCfg = Debug|Any CPU
		{9362F8ED-1EB6-44A2-B92C-AABF29ACA815}.Debug|Any CPU.Build.0 = Debug|Any CPU
		{9362F8ED-1EB6-44A2-B92C-AABF29ACA815}.Release|Any CPU.ActiveCfg = Release|Any CPU
		{9362F8ED-1EB6-44A2-B92C-AABF29ACA815}.Release|Any CPU.Build.0 = Release|Any CPU
		{E50DE756-ABBB-48AB-B5DE-863CC14D695F}.Debug|Any CPU.ActiveCfg = Debug|Any CPU
		{E50DE756-ABBB-48AB-B5DE-863CC14D695F}.Debug|Any CPU.Build.0 = Debug|Any CPU
		{E50DE756-ABBB-48AB-B5DE-863CC14D695F}.Release|Any CPU.ActiveCfg = Release|Any CPU
		{E50DE756-ABBB-48AB-B5DE-863CC14D695F}.Release|Any CPU.Build.0 = Release|Any CPU
		{425B7CC4-3E98-456B-9E22-39C103D2BF88}.Debug|Any CPU.ActiveCfg = Debug|Any CPU
		{425B7CC4-3E98-456B-9E22-39C103D2BF88}.Debug|Any CPU.Build.0 = Debug|Any CPU
		{425B7CC4-3E98-456B-9E22-39C103D2BF88}.Release|Any CPU.ActiveCfg = Release|Any CPU
		{425B7CC4-3E98-456B-9E22-39C103D2BF88}.Release|Any CPU.Build.0 = Release|Any CPU
		{6EE20A6F-E24A-4E6A-9F2F-F20D167A6DEC}.Debug|Any CPU.ActiveCfg = Debug|Any CPU
		{6EE20A6F-E24A-4E6A-9F2F-F20D167A6DEC}.Debug|Any CPU.Build.0 = Debug|Any CPU
		{6EE20A6F-E24A-4E6A-9F2F-F20D167A6DEC}.Release|Any CPU.ActiveCfg = Release|Any CPU
		{6EE20A6F-E24A-4E6A-9F2F-F20D167A6DEC}.Release|Any CPU.Build.0 = Release|Any CPU
		{694DCB73-3BFB-4627-9748-C690232EF797}.Debug|Any CPU.ActiveCfg = Debug|Any CPU
		{694DCB73-3BFB-4627-9748-C690232EF797}.Debug|Any CPU.Build.0 = Debug|Any CPU
		{694DCB73-3BFB-4627-9748-C690232EF797}.Release|Any CPU.ActiveCfg = Release|Any CPU
		{694DCB73-3BFB-4627-9748-C690232EF797}.Release|Any CPU.Build.0 = Release|Any CPU
		{8F61CB4E-9376-40CC-85D5-8697406F023D}.Debug|Any CPU.ActiveCfg = Debug|Any CPU
		{8F61CB4E-9376-40CC-85D5-8697406F023D}.Debug|Any CPU.Build.0 = Debug|Any CPU
		{8F61CB4E-9376-40CC-85D5-8697406F023D}.Release|Any CPU.ActiveCfg = Release|Any CPU
		{8F61CB4E-9376-40CC-85D5-8697406F023D}.Release|Any CPU.Build.0 = Release|Any CPU
		{4D68C7A4-E737-42F3-8D0A-95C0968DB068}.Debug|Any CPU.ActiveCfg = Debug|Any CPU
		{4D68C7A4-E737-42F3-8D0A-95C0968DB068}.Debug|Any CPU.Build.0 = Debug|Any CPU
		{4D68C7A4-E737-42F3-8D0A-95C0968DB068}.Release|Any CPU.ActiveCfg = Release|Any CPU
		{4D68C7A4-E737-42F3-8D0A-95C0968DB068}.Release|Any CPU.Build.0 = Release|Any CPU
	EndGlobalSection
	GlobalSection(SolutionProperties) = preSolution
		HideSolutionNode = FALSE
	EndGlobalSection
	GlobalSection(ExtensibilityGlobals) = postSolution
		SolutionGuid = {3E551633-EF5A-4C28-851E-0632F752D9C0}
	EndGlobalSection
EndGlobal
