
Microsoft Visual Studio Solution File, Format Version 12.00
# Visual Studio Version 16
VisualStudioVersion = 16.0.29306.81
MinimumVisualStudioVersion = 10.0.40219.1
Project("{FAE04EC0-301F-11D3-BF4B-00C04F79EFBC}") = "Print", "Print\Print.csproj", "{A244895E-5A6A-4990-BE9F-062452888305}"
EndProject
Project("{FAE04EC0-301F-11D3-BF4B-00C04F79EFBC}") = "Method", "Method\Method.csproj", "{EC7B673B-D85E-4563-9660-F769A6A7CB3B}"
EndProject
Global
	GlobalSection(SolutionConfigurationPlatforms) = preSolution
		Debug|Any CPU = Debug|Any CPU
		Release|Any CPU = Release|Any CPU
	EndGlobalSection
	GlobalSection(ProjectConfigurationPlatforms) = postSolution
		{A244895E-5A6A-4990-BE9F-062452888305}.Debug|Any CPU.ActiveCfg = Debug|Any CPU
		{A244895E-5A6A-4990-BE9F-062452888305}.Debug|Any CPU.Build.0 = Debug|Any CPU
		{A244895E-5A6A-4990-BE9F-062452888305}.Release|Any CPU.ActiveCfg = Release|Any CPU
		{A244895E-5A6A-4990-BE9F-062452888305}.Release|Any CPU.Build.0 = Release|Any CPU
		{EC7B673B-D85E-4563-9660-F769A6A7CB3B}.Debug|Any CPU.ActiveCfg = Debug|Any CPU
		{EC7B673B-D85E-4563-9660-F769A6A7CB3B}.Debug|Any CPU.Build.0 = Debug|Any CPU
		{EC7B673B-D85E-4563-9660-F769A6A7CB3B}.Release|Any CPU.ActiveCfg = Release|Any CPU
		{EC7B673B-D85E-4563-9660-F769A6A7CB3B}.Release|Any CPU.Build.0 = Release|Any CPU
	EndGlobalSection
	GlobalSection(SolutionProperties) = preSolution
		HideSolutionNode = FALSE
	EndGlobalSection
	GlobalSection(ExtensibilityGlobals) = postSolution
		SolutionGuid = {F449115A-AB5B-4714-951B-1E6A10DC5703}
	EndGlobalSection
EndGlobal
